
Microsoft Visual Studio Solution File, Format Version 12.00
# Visual Studio Version 17
VisualStudioVersion = 17.0.32112.339
MinimumVisualStudioVersion = 10.0.40219.1
Project("{2150E333-8FDC-42A3-9474-1A3956D46DE8}") = "src", "src", "{606C5D68-C965-430C-84ED-5C6597C5C8A8}"
EndProject
Project("{2150E333-8FDC-42A3-9474-1A3956D46DE8}") = "docs", "docs", "{BCEE6788-D04F-4750-8154-BD26B14C3D17}"
	ProjectSection(SolutionItems) = preProject
		docs\ToDo.txt = docs\ToDo.txt
	EndProjectSection
EndProject
Project("{9A19103F-16F7-4668-BE54-9A1E7A4F7556}") = "LabPro.Web", "src\LabPro.Web\LabPro.Web.csproj", "{FE109AE8-0D6D-4D7A-97B3-2DDD0604B389}"
EndProject
Global
	GlobalSection(SolutionConfigurationPlatforms) = preSolution
		Debug|Any CPU = Debug|Any CPU
		Release|Any CPU = Release|Any CPU
	EndGlobalSection
	GlobalSection(ProjectConfigurationPlatforms) = postSolution
		{FE109AE8-0D6D-4D7A-97B3-2DDD0604B389}.Debug|Any CPU.ActiveCfg = Debug|Any CPU
		{FE109AE8-0D6D-4D7A-97B3-2DDD0604B389}.Debug|Any CPU.Build.0 = Debug|Any CPU
		{FE109AE8-0D6D-4D7A-97B3-2DDD0604B389}.Release|Any CPU.ActiveCfg = Release|Any CPU
		{FE109AE8-0D6D-4D7A-97B3-2DDD0604B389}.Release|Any CPU.Build.0 = Release|Any CPU
	EndGlobalSection
	GlobalSection(SolutionProperties) = preSolution
		HideSolutionNode = FALSE
	EndGlobalSection
	GlobalSection(NestedProjects) = preSolution
		{FE109AE8-0D6D-4D7A-97B3-2DDD0604B389} = {606C5D68-C965-430C-84ED-5C6597C5C8A8}
	EndGlobalSection
	GlobalSection(ExtensibilityGlobals) = postSolution
		SolutionGuid = {ECC9CC74-F3C0-4B91-97AF-34C3F98E3E0B}
	EndGlobalSection
EndGlobal
